
Microsoft Visual Studio Solution File, Format Version 12.00
# Visual Studio Version 16
VisualStudioVersion = 16.0.29009.5
MinimumVisualStudioVersion = 10.0.40219.1
Project("{2150E333-8FDC-42A3-9474-1A3956D46DE8}") = "Solution Items", "Solution Items", "{30B30996-5B75-4A94-87F2-2069E325E76C}"
	ProjectSection(SolutionItems) = preProject
		azure-pipelines.yml = azure-pipelines.yml
		CreateTable.sql = CreateTable.sql
		InitSql.ps1 = InitSql.ps1
		README.md = README.md
	EndProjectSection
EndProject
Project("{9A19103F-16F7-4668-BE54-9A1E7A4F7556}") = "TestProject", "TestProject\TestProject.csproj", "{453A41AE-96F0-4BD6-9280-CF76E6B27F68}"
EndProject
Project("{FAE04EC0-301F-11D3-BF4B-00C04F79EFBC}") = "Nhea.Data.Repository.EntityFrameworkRepository", "Nhea.Data.Repository.EntityFrameworkRepository\Nhea.Data.Repository.EntityFrameworkRepository.csproj", "{D17BE77A-66EB-4274-8A94-9310DE59FEB0}"
EndProject
Global
	GlobalSection(SolutionConfigurationPlatforms) = preSolution
		Debug|Any CPU = Debug|Any CPU
		Release|Any CPU = Release|Any CPU
	EndGlobalSection
	GlobalSection(ProjectConfigurationPlatforms) = postSolution
		{453A41AE-96F0-4BD6-9280-CF76E6B27F68}.Debug|Any CPU.ActiveCfg = Debug|Any CPU
		{453A41AE-96F0-4BD6-9280-CF76E6B27F68}.Debug|Any CPU.Build.0 = Debug|Any CPU
		{453A41AE-96F0-4BD6-9280-CF76E6B27F68}.Release|Any CPU.ActiveCfg = Release|Any CPU
		{453A41AE-96F0-4BD6-9280-CF76E6B27F68}.Release|Any CPU.Build.0 = Release|Any CPU
		{D17BE77A-66EB-4274-8A94-9310DE59FEB0}.Debug|Any CPU.ActiveCfg = Debug|Any CPU
		{D17BE77A-66EB-4274-8A94-9310DE59FEB0}.Debug|Any CPU.Build.0 = Debug|Any CPU
		{D17BE77A-66EB-4274-8A94-9310DE59FEB0}.Release|Any CPU.ActiveCfg = Release|Any CPU
		{D17BE77A-66EB-4274-8A94-9310DE59FEB0}.Release|Any CPU.Build.0 = Release|Any CPU
	EndGlobalSection
	GlobalSection(SolutionProperties) = preSolution
		HideSolutionNode = FALSE
	EndGlobalSection
	GlobalSection(ExtensibilityGlobals) = postSolution
		SolutionGuid = {2BCA82CF-9862-4165-BFD1-2EFE249D0C54}
	EndGlobalSection
EndGlobal
